
Microsoft Visual Studio Solution File, Format Version 12.00
# Visual Studio Version 17
VisualStudioVersion = 17.14.36301.6 d17.14
MinimumVisualStudioVersion = 10.0.40219.1
Project("{FAE04EC0-301F-11D3-BF4B-00C04F79EFBC}") = "OrderMicroservices.Order.Api", "OrderMicroservices.Order.Api\OrderMicroservices.Order.Api.csproj", "{AF115DB4-939B-B979-A601-933134D12B7D}"
EndProject
Project("{FAE04EC0-301F-11D3-BF4B-00C04F79EFBC}") = "OrderMicroservices.AppHost", "OrderMicroservices.AppHost\OrderMicroservices.AppHost.csproj", "{BB2DC131-46FD-4D3E-8D29-9199A2D1F1C8}"
EndProject
Project("{FAE04EC0-301F-11D3-BF4B-00C04F79EFBC}") = "OrderMicroservices.ServiceDefaults", "OrderMicroservices.ServiceDefaults\OrderMicroservices.ServiceDefaults.csproj", "{E6BAA8AB-E05A-FBAC-48E3-830904812E0A}"
EndProject
Global
	GlobalSection(SolutionConfigurationPlatforms) = preSolution
		Debug|Any CPU = Debug|Any CPU
		Release|Any CPU = Release|Any CPU
	EndGlobalSection
	GlobalSection(ProjectConfigurationPlatforms) = postSolution
		{AF115DB4-939B-B979-A601-933134D12B7D}.Debug|Any CPU.ActiveCfg = Debug|Any CPU
		{AF115DB4-939B-B979-A601-933134D12B7D}.Debug|Any CPU.Build.0 = Debug|Any CPU
		{AF115DB4-939B-B979-A601-933134D12B7D}.Release|Any CPU.ActiveCfg = Release|Any CPU
		{AF115DB4-939B-B979-A601-933134D12B7D}.Release|Any CPU.Build.0 = Release|Any CPU
		{BB2DC131-46FD-4D3E-8D29-9199A2D1F1C8}.Debug|Any CPU.ActiveCfg = Debug|Any CPU
		{BB2DC131-46FD-4D3E-8D29-9199A2D1F1C8}.Debug|Any CPU.Build.0 = Debug|Any CPU
		{BB2DC131-46FD-4D3E-8D29-9199A2D1F1C8}.Release|Any CPU.ActiveCfg = Release|Any CPU
		{BB2DC131-46FD-4D3E-8D29-9199A2D1F1C8}.Release|Any CPU.Build.0 = Release|Any CPU
		{E6BAA8AB-E05A-FBAC-48E3-830904812E0A}.Debug|Any CPU.ActiveCfg = Debug|Any CPU
		{E6BAA8AB-E05A-FBAC-48E3-830904812E0A}.Debug|Any CPU.Build.0 = Debug|Any CPU
		{E6BAA8AB-E05A-FBAC-48E3-830904812E0A}.Release|Any CPU.ActiveCfg = Release|Any CPU
		{E6BAA8AB-E05A-FBAC-48E3-830904812E0A}.Release|Any CPU.Build.0 = Release|Any CPU
	EndGlobalSection
	GlobalSection(SolutionProperties) = preSolution
		HideSolutionNode = FALSE
	EndGlobalSection
	GlobalSection(ExtensibilityGlobals) = postSolution
		SolutionGuid = {2C8B5930-1941-4B1C-8119-B6DA3B6B4ABE}
	EndGlobalSection
EndGlobal
