
Microsoft Visual Studio Solution File, Format Version 12.00
# Visual Studio Version 17
VisualStudioVersion = 17.14.36301.6
MinimumVisualStudioVersion = 10.0.40219.1
Project("{FAE04EC0-301F-11D3-BF4B-00C04F79EFBC}") = "OrderMicroservices.Order.Api", "OrderMicroservices.Order.Api\OrderMicroservices.Order.Api.csproj", "{AF115DB4-939B-B979-A601-933134D12B7D}"
EndProject
Project("{FAE04EC0-301F-11D3-BF4B-00C04F79EFBC}") = "OrderMicroservices.AppHost", "OrderMicroservices.AppHost\OrderMicroservices.AppHost.csproj", "{BB2DC131-46FD-4D3E-8D29-9199A2D1F1C8}"
EndProject
Project("{FAE04EC0-301F-11D3-BF4B-00C04F79EFBC}") = "OrderMicroservices.ServiceDefaults", "OrderMicroservices.ServiceDefaults\OrderMicroservices.ServiceDefaults.csproj", "{E6BAA8AB-E05A-FBAC-48E3-830904812E0A}"
EndProject
Project("{2150E333-8FDC-42A3-9474-1A3956D46DE8}") = "Orders", "Orders", "{02EA681E-C7D8-13C7-8484-4AC65E1B71E8}"
EndProject
Project("{FAE04EC0-301F-11D3-BF4B-00C04F79EFBC}") = "OrderMicroservices.Order.Application", "OrderMicroservices.Order.Application\OrderMicroservices.Order.Application.csproj", "{429F19CF-DC1B-4CBB-9E24-379DD43EE4B3}"
EndProject
Project("{FAE04EC0-301F-11D3-BF4B-00C04F79EFBC}") = "OrderMicroservices.Order.Domain", "OrderMicroservices.Order.Domain\OrderMicroservices.Order.Domain.csproj", "{12383C85-40A9-4759-B885-3AB36C35D785}"
EndProject
Project("{FAE04EC0-301F-11D3-BF4B-00C04F79EFBC}") = "OrderMicroservices.Order.Infra", "OrderMicroservices.Order.Infra\OrderMicroservices.Order.Infra.csproj", "{A9E1518C-76FE-4D71-AFF1-0D27A0706F6B}"
EndProject
Project("{2150E333-8FDC-42A3-9474-1A3956D46DE8}") = "Itens de Solução", "Itens de Solução", "{380A7511-A354-6D7A-0CC0-8FA1F1BA7B6C}"
	ProjectSection(SolutionItems) = preProject
		.gitignore = .gitignore
		docker-compose.yml = docker-compose.yml
	EndProjectSection
EndProject
Global
	GlobalSection(SolutionConfigurationPlatforms) = preSolution
		Debug|Any CPU = Debug|Any CPU
		Release|Any CPU = Release|Any CPU
	EndGlobalSection
	GlobalSection(ProjectConfigurationPlatforms) = postSolution
		{AF115DB4-939B-B979-A601-933134D12B7D}.Debug|Any CPU.ActiveCfg = Debug|Any CPU
		{AF115DB4-939B-B979-A601-933134D12B7D}.Debug|Any CPU.Build.0 = Debug|Any CPU
		{AF115DB4-939B-B979-A601-933134D12B7D}.Release|Any CPU.ActiveCfg = Release|Any CPU
		{AF115DB4-939B-B979-A601-933134D12B7D}.Release|Any CPU.Build.0 = Release|Any CPU
		{BB2DC131-46FD-4D3E-8D29-9199A2D1F1C8}.Debug|Any CPU.ActiveCfg = Debug|Any CPU
		{BB2DC131-46FD-4D3E-8D29-9199A2D1F1C8}.Debug|Any CPU.Build.0 = Debug|Any CPU
		{BB2DC131-46FD-4D3E-8D29-9199A2D1F1C8}.Release|Any CPU.ActiveCfg = Release|Any CPU
		{BB2DC131-46FD-4D3E-8D29-9199A2D1F1C8}.Release|Any CPU.Build.0 = Release|Any CPU
		{E6BAA8AB-E05A-FBAC-48E3-830904812E0A}.Debug|Any CPU.ActiveCfg = Debug|Any CPU
		{E6BAA8AB-E05A-FBAC-48E3-830904812E0A}.Debug|Any CPU.Build.0 = Debug|Any CPU
		{E6BAA8AB-E05A-FBAC-48E3-830904812E0A}.Release|Any CPU.ActiveCfg = Release|Any CPU
		{E6BAA8AB-E05A-FBAC-48E3-830904812E0A}.Release|Any CPU.Build.0 = Release|Any CPU
		{429F19CF-DC1B-4CBB-9E24-379DD43EE4B3}.Debug|Any CPU.ActiveCfg = Debug|Any CPU
		{429F19CF-DC1B-4CBB-9E24-379DD43EE4B3}.Debug|Any CPU.Build.0 = Debug|Any CPU
		{429F19CF-DC1B-4CBB-9E24-379DD43EE4B3}.Release|Any CPU.ActiveCfg = Release|Any CPU
		{429F19CF-DC1B-4CBB-9E24-379DD43EE4B3}.Release|Any CPU.Build.0 = Release|Any CPU
		{12383C85-40A9-4759-B885-3AB36C35D785}.Debug|Any CPU.ActiveCfg = Debug|Any CPU
		{12383C85-40A9-4759-B885-3AB36C35D785}.Debug|Any CPU.Build.0 = Debug|Any CPU
		{12383C85-40A9-4759-B885-3AB36C35D785}.Release|Any CPU.ActiveCfg = Release|Any CPU
		{12383C85-40A9-4759-B885-3AB36C35D785}.Release|Any CPU.Build.0 = Release|Any CPU
		{A9E1518C-76FE-4D71-AFF1-0D27A0706F6B}.Debug|Any CPU.ActiveCfg = Debug|Any CPU
		{A9E1518C-76FE-4D71-AFF1-0D27A0706F6B}.Debug|Any CPU.Build.0 = Debug|Any CPU
		{A9E1518C-76FE-4D71-AFF1-0D27A0706F6B}.Release|Any CPU.ActiveCfg = Release|Any CPU
		{A9E1518C-76FE-4D71-AFF1-0D27A0706F6B}.Release|Any CPU.Build.0 = Release|Any CPU
	EndGlobalSection
	GlobalSection(SolutionProperties) = preSolution
		HideSolutionNode = FALSE
	EndGlobalSection
	GlobalSection(NestedProjects) = preSolution
		{AF115DB4-939B-B979-A601-933134D12B7D} = {02EA681E-C7D8-13C7-8484-4AC65E1B71E8}
		{429F19CF-DC1B-4CBB-9E24-379DD43EE4B3} = {02EA681E-C7D8-13C7-8484-4AC65E1B71E8}
		{12383C85-40A9-4759-B885-3AB36C35D785} = {02EA681E-C7D8-13C7-8484-4AC65E1B71E8}
		{A9E1518C-76FE-4D71-AFF1-0D27A0706F6B} = {02EA681E-C7D8-13C7-8484-4AC65E1B71E8}
	EndGlobalSection
	GlobalSection(ExtensibilityGlobals) = postSolution
		SolutionGuid = {2C8B5930-1941-4B1C-8119-B6DA3B6B4ABE}
	EndGlobalSection
EndGlobal
